{
  "name": "hexo-theme-icarus",
  "version": "4.4.0",
  "lockfileVersion": 1,
  "requires": true,
  "dependencies": {
    "react-gtm-module": {
      "version": "2.0.11",
      "resolved": "https://registry.npmjs.org/react-gtm-module/-/react-gtm-module-2.0.11.tgz",
      "integrity": "sha512-8gyj4TTxeP7eEyc2QKawEuQoAZdjKvMY4pgWfycGmqGByhs17fR+zEBs0JUDq4US/l+vbTl+6zvUIx27iDo/Vw=="
    }
  }
}
